// !$*UTF8*$!
{
	archiveVersion = 1;
	classes = {
	};
	objectVersion = 56;
	objects = {

/* Begin PBXBuildFile section */
		408C48892A964A9F00508FC3 /* AppDelegate.swift in Sources */ = {isa = PBXBuildFile; fileRef = 408C48882A964A9F00508FC3 /* AppDelegate.swift */; };
		408C488B2A964E5100508FC3 /* LaunchScreen.storyboard in Resources */ = {isa = PBXBuildFile; fileRef = 408C488A2A964E5100508FC3 /* LaunchScreen.storyboard */; };
		40ADA9DD2A9611A3009F6AD4 /* SceneDelegate.swift in Sources */ = {isa = PBXBuildFile; fileRef = 40ADA9DC2A9611A3009F6AD4 /* SceneDelegate.swift */; };
		40ADA9DF2A9611A3009F6AD4 /* JokeViewController.swift in Sources */ = {isa = PBXBuildFile; fileRef = 40ADA9DE2A9611A3009F6AD4 /* JokeViewController.swift */; };
		40ADA9E42A9611A4009F6AD4 /* Assets.xcassets in Resources */ = {isa = PBXBuildFile; fileRef = 40ADA9E32A9611A4009F6AD4 /* Assets.xcassets */; };
		40ADA9F42A961355009F6AD4 /* JokeModel.swift in Sources */ = {isa = PBXBuildFile; fileRef = 40ADA9F32A961355009F6AD4 /* JokeModel.swift */; };
		40ADA9F72A96140E009F6AD4 /* JokeListService.swift in Sources */ = {isa = PBXBuildFile; fileRef = 40ADA9F62A96140E009F6AD4 /* JokeListService.swift */; };
		40ADA9FA2A961797009F6AD4 /* JokesTableView.swift in Sources */ = {isa = PBXBuildFile; fileRef = 40ADA9F92A961797009F6AD4 /* JokesTableView.swift */; };
		40ADA9FC2A9618B9009F6AD4 /* JokePresenter.swift in Sources */ = {isa = PBXBuildFile; fileRef = 40ADA9FB2A9618B9009F6AD4 /* JokePresenter.swift */; };
		40ADA9FF2A962136009F6AD4 /* RealmSwift in Frameworks */ = {isa = PBXBuildFile; productRef = 40ADA9FE2A962136009F6AD4 /* RealmSwift */; };
/* End PBXBuildFile section */

/* Begin PBXFileReference section */
		408C48882A964A9F00508FC3 /* AppDelegate.swift */ = {isa = PBXFileReference; fileEncoding = 4; lastKnownFileType = sourcecode.swift; path = AppDelegate.swift; sourceTree = "<group>"; };
		408C488A2A964E5100508FC3 /* LaunchScreen.storyboard */ = {isa = PBXFileReference; fileEncoding = 4; lastKnownFileType = file.storyboard; path = LaunchScreen.storyboard; sourceTree = "<group>"; };
		40ADA9D72A9611A3009F6AD4 /* JokesHub.app */ = {isa = PBXFileReference; explicitFileType = wrapper.application; includeInIndex = 0; path = JokesHub.app; sourceTree = BUILT_PRODUCTS_DIR; };
		40ADA9DC2A9611A3009F6AD4 /* SceneDelegate.swift */ = {isa = PBXFileReference; lastKnownFileType = sourcecode.swift; path = SceneDelegate.swift; sourceTree = "<group>"; };
		40ADA9DE2A9611A3009F6AD4 /* JokeViewController.swift */ = {isa = PBXFileReference; lastKnownFileType = sourcecode.swift; path = JokeViewController.swift; sourceTree = "<group>"; };
		40ADA9E32A9611A4009F6AD4 /* Assets.xcassets */ = {isa = PBXFileReference; lastKnownFileType = folder.assetcatalog; path = Assets.xcassets; sourceTree = "<group>"; };
		40ADA9E82A9611A4009F6AD4 /* Info.plist */ = {isa = PBXFileReference; lastKnownFileType = text.plist.xml; path = Info.plist; sourceTree = "<group>"; };
		40ADA9F32A961355009F6AD4 /* JokeModel.swift */ = {isa = PBXFileReference; lastKnownFileType = sourcecode.swift; path = JokeModel.swift; sourceTree = "<group>"; };
		40ADA9F62A96140E009F6AD4 /* JokeListService.swift */ = {isa = PBXFileReference; lastKnownFileType = sourcecode.swift; path = JokeListService.swift; sourceTree = "<group>"; };
		40ADA9F92A961797009F6AD4 /* JokesTableView.swift */ = {isa = PBXFileReference; lastKnownFileType = sourcecode.swift; path = JokesTableView.swift; sourceTree = "<group>"; };
		40ADA9FB2A9618B9009F6AD4 /* JokePresenter.swift */ = {isa = PBXFileReference; lastKnownFileType = sourcecode.swift; path = JokePresenter.swift; sourceTree = "<group>"; };
/* End PBXFileReference section */

/* Begin PBXFrameworksBuildPhase section */
		40ADA9D42A9611A3009F6AD4 /* Frameworks */ = {
			isa = PBXFrameworksBuildPhase;
			buildActionMask = 2147483647;
			files = (
				40ADA9FF2A962136009F6AD4 /* RealmSwift in Frameworks */,
			);
			runOnlyForDeploymentPostprocessing = 0;
		};
/* End PBXFrameworksBuildPhase section */

/* Begin PBXGroup section */
		40ADA9CE2A9611A3009F6AD4 = {
			isa = PBXGroup;
			children = (
				40ADA9D92A9611A3009F6AD4 /* JokesHub */,
				40ADA9D82A9611A3009F6AD4 /* Products */,
			);
			sourceTree = "<group>";
		};
		40ADA9D82A9611A3009F6AD4 /* Products */ = {
			isa = PBXGroup;
			children = (
				40ADA9D72A9611A3009F6AD4 /* JokesHub.app */,
			);
			name = Products;
			sourceTree = "<group>";
		};
		40ADA9D92A9611A3009F6AD4 /* JokesHub */ = {
			isa = PBXGroup;
			children = (
				40ADA9EE2A96125D009F6AD4 /* Module */,
				40ADA9DC2A9611A3009F6AD4 /* SceneDelegate.swift */,
				408C48882A964A9F00508FC3 /* AppDelegate.swift */,
				408C488A2A964E5100508FC3 /* LaunchScreen.storyboard */,
				40ADA9E32A9611A4009F6AD4 /* Assets.xcassets */,
				40ADA9E82A9611A4009F6AD4 /* Info.plist */,
			);
			path = JokesHub;
			sourceTree = "<group>";
		};
		40ADA9EE2A96125D009F6AD4 /* Module */ = {
			isa = PBXGroup;
			children = (
				40ADA9F22A9612CA009F6AD4 /* JokesList */,
			);
			path = Module;
			sourceTree = "<group>";
		};
		40ADA9EF2A961290009F6AD4 /* View */ = {
			isa = PBXGroup;
			children = (
				40ADA9F82A961780009F6AD4 /* SubView */,
				40ADA9DE2A9611A3009F6AD4 /* JokeViewController.swift */,
			);
			path = View;
			sourceTree = "<group>";
		};
		40ADA9F02A96129C009F6AD4 /* Model */ = {
			isa = PBXGroup;
			children = (
				40ADA9F32A961355009F6AD4 /* JokeModel.swift */,
			);
			path = Model;
			sourceTree = "<group>";
		};
		40ADA9F12A9612B8009F6AD4 /* Presenter */ = {
			isa = PBXGroup;
			children = (
				40ADA9FB2A9618B9009F6AD4 /* JokePresenter.swift */,
			);
			path = Presenter;
			sourceTree = "<group>";
		};
		40ADA9F22A9612CA009F6AD4 /* JokesList */ = {
			isa = PBXGroup;
			children = (
				40ADA9F52A9613FB009F6AD4 /* Service */,
				40ADA9F02A96129C009F6AD4 /* Model */,
				40ADA9EF2A961290009F6AD4 /* View */,
				40ADA9F12A9612B8009F6AD4 /* Presenter */,
			);
			path = JokesList;
			sourceTree = "<group>";
		};
		40ADA9F52A9613FB009F6AD4 /* Service */ = {
			isa = PBXGroup;
			children = (
				40ADA9F62A96140E009F6AD4 /* JokeListService.swift */,
			);
			path = Service;
			sourceTree = "<group>";
		};
		40ADA9F82A961780009F6AD4 /* SubView */ = {
			isa = PBXGroup;
			children = (
				40ADA9F92A961797009F6AD4 /* JokesTableView.swift */,
			);
			path = SubView;
			sourceTree = "<group>";
		};
/* End PBXGroup section */

/* Begin PBXNativeTarget section */
		40ADA9D62A9611A3009F6AD4 /* JokesHub */ = {
			isa = PBXNativeTarget;
			buildConfigurationList = 40ADA9EB2A9611A4009F6AD4 /* Build configuration list for PBXNativeTarget "JokesHub" */;
			buildPhases = (
				40ADA9D32A9611A3009F6AD4 /* Sources */,
				40ADA9D42A9611A3009F6AD4 /* Frameworks */,
				40ADA9D52A9611A3009F6AD4 /* Resources */,
			);
			buildRules = (
			);
			dependencies = (
			);
			name = JokesHub;
			packageProductDependencies = (
				40ADA9FE2A962136009F6AD4 /* RealmSwift */,
			);
			productName = JokesHub;
			productReference = 40ADA9D72A9611A3009F6AD4 /* JokesHub.app */;
			productType = "com.apple.product-type.application";
		};
/* End PBXNativeTarget section */

/* Begin PBXProject section */
		40ADA9CF2A9611A3009F6AD4 /* Project object */ = {
			isa = PBXProject;
			attributes = {
				BuildIndependentTargetsInParallel = 1;
				LastSwiftUpdateCheck = 1430;
				LastUpgradeCheck = 1430;
				TargetAttributes = {
					40ADA9D62A9611A3009F6AD4 = {
						CreatedOnToolsVersion = 14.3.1;
					};
				};
			};
			buildConfigurationList = 40ADA9D22A9611A3009F6AD4 /* Build configuration list for PBXProject "JokesHub" */;
			compatibilityVersion = "Xcode 14.0";
			developmentRegion = en;
			hasScannedForEncodings = 0;
			knownRegions = (
				en,
				Base,
			);
			mainGroup = 40ADA9CE2A9611A3009F6AD4;
			packageReferences = (
				40ADA9FD2A962136009F6AD4 /* XCRemoteSwiftPackageReference "realm-swift" */,
			);
			productRefGroup = 40ADA9D82A9611A3009F6AD4 /* Products */;
			projectDirPath = "";
			projectRoot = "";
			targets = (
				40ADA9D62A9611A3009F6AD4 /* JokesHub */,
			);
		};
/* End PBXProject section */

/* Begin PBXResourcesBuildPhase section */
		40ADA9D52A9611A3009F6AD4 /* Resources */ = {
			isa = PBXResourcesBuildPhase;
			buildActionMask = 2147483647;
			files = (
				40ADA9E42A9611A4009F6AD4 /* Assets.xcassets in Resources */,
				408C488B2A964E5100508FC3 /* LaunchScreen.storyboard in Resources */,
			);
			runOnlyForDeploymentPostprocessing = 0;
		};
/* End PBXResourcesBuildPhase section */

/* Begin PBXSourcesBuildPhase section */
		40ADA9D32A9611A3009F6AD4 /* Sources */ = {
			isa = PBXSourcesBuildPhase;
			buildActionMask = 2147483647;
			files = (
				40ADA9FA2A961797009F6AD4 /* JokesTableView.swift in Sources */,
				40ADA9FC2A9618B9009F6AD4 /* JokePresenter.swift in Sources */,
				40ADA9F72A96140E009F6AD4 /* JokeListService.swift in Sources */,
				40ADA9F42A961355009F6AD4 /* JokeModel.swift in Sources */,
				408C48892A964A9F00508FC3 /* AppDelegate.swift in Sources */,
				40ADA9DF2A9611A3009F6AD4 /* JokeViewController.swift in Sources */,
				40ADA9DD2A9611A3009F6AD4 /* SceneDelegate.swift in Sources */,
			);
			runOnlyForDeploymentPostprocessing = 0;
		};
/* End PBXSourcesBuildPhase section */

/* Begin XCBuildConfiguration section */
		40ADA9E92A9611A4009F6AD4 /* Debug */ = {
			isa = XCBuildConfiguration;
			buildSettings = {
				ALWAYS_SEARCH_USER_PATHS = NO;
				CLANG_ANALYZER_NONNULL = YES;
				CLANG_ANALYZER_NUMBER_OBJECT_CONVERSION = YES_AGGRESSIVE;
				CLANG_CXX_LANGUAGE_STANDARD = "gnu++20";
				CLANG_ENABLE_MODULES = YES;
				CLANG_ENABLE_OBJC_ARC = YES;
				CLANG_ENABLE_OBJC_WEAK = YES;
				CLANG_WARN_BLOCK_CAPTURE_AUTORELEASING = YES;
				CLANG_WARN_BOOL_CONVERSION = YES;
				CLANG_WARN_COMMA = YES;
				CLANG_WARN_CONSTANT_CONVERSION = YES;
				CLANG_WARN_DEPRECATED_OBJC_IMPLEMENTATIONS = YES;
				CLANG_WARN_DIRECT_OBJC_ISA_USAGE = YES_ERROR;
				CLANG_WARN_DOCUMENTATION_COMMENTS = YES;
				CLANG_WARN_EMPTY_BODY = YES;
				CLANG_WARN_ENUM_CONVERSION = YES;
				CLANG_WARN_INFINITE_RECURSION = YES;
				CLANG_WARN_INT_CONVERSION = YES;
				CLANG_WARN_NON_LITERAL_NULL_CONVERSION = YES;
				CLANG_WARN_OBJC_IMPLICIT_RETAIN_SELF = YES;
				CLANG_WARN_OBJC_LITERAL_CONVERSION = YES;
				CLANG_WARN_OBJC_ROOT_CLASS = YES_ERROR;
				CLANG_WARN_QUOTED_INCLUDE_IN_FRAMEWORK_HEADER = YES;
				CLANG_WARN_RANGE_LOOP_ANALYSIS = YES;
				CLANG_WARN_STRICT_PROTOTYPES = YES;
				CLANG_WARN_SUSPICIOUS_MOVE = YES;
				CLANG_WARN_UNGUARDED_AVAILABILITY = YES_AGGRESSIVE;
				CLANG_WARN_UNREACHABLE_CODE = YES;
				CLANG_WARN__DUPLICATE_METHOD_MATCH = YES;
				COPY_PHASE_STRIP = NO;
				DEBUG_INFORMATION_FORMAT = dwarf;
				ENABLE_STRICT_OBJC_MSGSEND = YES;
				ENABLE_TESTABILITY = YES;
				GCC_C_LANGUAGE_STANDARD = gnu11;
				GCC_DYNAMIC_NO_PIC = NO;
				GCC_NO_COMMON_BLOCKS = YES;
				GCC_OPTIMIZATION_LEVEL = 0;
				GCC_PREPROCESSOR_DEFINITIONS = (
					"DEBUG=1",
					"$(inherited)",
				);
				GCC_WARN_64_TO_32_BIT_CONVERSION = YES;
				GCC_WARN_ABOUT_RETURN_TYPE = YES_ERROR;
				GCC_WARN_UNDECLARED_SELECTOR = YES;
				GCC_WARN_UNINITIALIZED_AUTOS = YES_AGGRESSIVE;
				GCC_WARN_UNUSED_FUNCTION = YES;
				GCC_WARN_UNUSED_VARIABLE = YES;
				IPHONEOS_DEPLOYMENT_TARGET = 16.4;
				MTL_ENABLE_DEBUG_INFO = INCLUDE_SOURCE;
				MTL_FAST_MATH = YES;
				ONLY_ACTIVE_ARCH = YES;
				SDKROOT = iphoneos;
				SWIFT_ACTIVE_COMPILATION_CONDITIONS = DEBUG;
				SWIFT_OPTIMIZATION_LEVEL = "-Onone";
			};
			name = Debug;
		};
		40ADA9EA2A9611A4009F6AD4 /* Release */ = {
			isa = XCBuildConfiguration;
			buildSettings = {
				ALWAYS_SEARCH_USER_PATHS = NO;
				CLANG_ANALYZER_NONNULL = YES;
				CLANG_ANALYZER_NUMBER_OBJECT_CONVERSION = YES_AGGRESSIVE;
				CLANG_CXX_LANGUAGE_STANDARD = "gnu++20";
				CLANG_ENABLE_MODULES = YES;
				CLANG_ENABLE_OBJC_ARC = YES;
				CLANG_ENABLE_OBJC_WEAK = YES;
				CLANG_WARN_BLOCK_CAPTURE_AUTORELEASING = YES;
				CLANG_WARN_BOOL_CONVERSION = YES;
				CLANG_WARN_COMMA = YES;
				CLANG_WARN_CONSTANT_CONVERSION = YES;
				CLANG_WARN_DEPRECATED_OBJC_IMPLEMENTATIONS = YES;
				CLANG_WARN_DIRECT_OBJC_ISA_USAGE = YES_ERROR;
				CLANG_WARN_DOCUMENTATION_COMMENTS = YES;
				CLANG_WARN_EMPTY_BODY = YES;
				CLANG_WARN_ENUM_CONVERSION = YES;
				CLANG_WARN_INFINITE_RECURSION = YES;
				CLANG_WARN_INT_CONVERSION = YES;
				CLANG_WARN_NON_LITERAL_NULL_CONVERSION = YES;
				CLANG_WARN_OBJC_IMPLICIT_RETAIN_SELF = YES;
				CLANG_WARN_OBJC_LITERAL_CONVERSION = YES;
				CLANG_WARN_OBJC_ROOT_CLASS = YES_ERROR;
				CLANG_WARN_QUOTED_INCLUDE_IN_FRAMEWORK_HEADER = YES;
				CLANG_WARN_RANGE_LOOP_ANALYSIS = YES;
				CLANG_WARN_STRICT_PROTOTYPES = YES;
				CLANG_WARN_SUSPICIOUS_MOVE = YES;
				CLANG_WARN_UNGUARDED_AVAILABILITY = YES_AGGRESSIVE;
				CLANG_WARN_UNREACHABLE_CODE = YES;
				CLANG_WARN__DUPLICATE_METHOD_MATCH = YES;
				COPY_PHASE_STRIP = NO;
				DEBUG_INFORMATION_FORMAT = "dwarf-with-dsym";
				ENABLE_NS_ASSERTIONS = NO;
				ENABLE_STRICT_OBJC_MSGSEND = YES;
				GCC_C_LANGUAGE_STANDARD = gnu11;
				GCC_NO_COMMON_BLOCKS = YES;
				GCC_WARN_64_TO_32_BIT_CONVERSION = YES;
				GCC_WARN_ABOUT_RETURN_TYPE = YES_ERROR;
				GCC_WARN_UNDECLARED_SELECTOR = YES;
				GCC_WARN_UNINITIALIZED_AUTOS = YES_AGGRESSIVE;
				GCC_WARN_UNUSED_FUNCTION = YES;
				GCC_WARN_UNUSED_VARIABLE = YES;
				IPHONEOS_DEPLOYMENT_TARGET = 16.4;
				MTL_ENABLE_DEBUG_INFO = NO;
				MTL_FAST_MATH = YES;
				SDKROOT = iphoneos;
				SWIFT_COMPILATION_MODE = wholemodule;
				SWIFT_OPTIMIZATION_LEVEL = "-O";
				VALIDATE_PRODUCT = YES;
			};
			name = Release;
		};
		40ADA9EC2A9611A4009F6AD4 /* Debug */ = {
			isa = XCBuildConfiguration;
			buildSettings = {
				ASSETCATALOG_COMPILER_APPICON_NAME = AppIcon;
				ASSETCATALOG_COMPILER_GLOBAL_ACCENT_COLOR_NAME = AccentColor;
				CODE_SIGN_STYLE = Automatic;
				CURRENT_PROJECT_VERSION = 1;
				GENERATE_INFOPLIST_FILE = YES;
				INFOPLIST_FILE = JokesHub/Info.plist;
				INFOPLIST_KEY_UIApplicationSupportsIndirectInputEvents = YES;
				INFOPLIST_KEY_UILaunchStoryboardName = LauncgScreen;
				INFOPLIST_KEY_UISupportedInterfaceOrientations_iPad = "UIInterfaceOrientationPortrait UIInterfaceOrientationPortraitUpsideDown UIInterfaceOrientationLandscapeLeft UIInterfaceOrientationLandscapeRight";
				INFOPLIST_KEY_UISupportedInterfaceOrientations_iPhone = "UIInterfaceOrientationPortrait UIInterfaceOrientationLandscapeLeft UIInterfaceOrientationLandscapeRight";
				IPHONEOS_DEPLOYMENT_TARGET = 13.0;
				LD_RUNPATH_SEARCH_PATHS = (
					"$(inherited)",
					"@executable_path/Frameworks",
				);
				MARKETING_VERSION = 1.0;
				PRODUCT_BUNDLE_IDENTIFIER = Com.shivam.JokesHub;
				PRODUCT_NAME = "$(TARGET_NAME)";
				SWIFT_EMIT_LOC_STRINGS = YES;
				SWIFT_VERSION = 5.0;
				TARGETED_DEVICE_FAMILY = "1,2";
			};
			name = Debug;
		};
		40ADA9ED2A9611A4009F6AD4 /* Release */ = {
			isa = XCBuildConfiguration;
			buildSettings = {
				ASSETCATALOG_COMPILER_APPICON_NAME = AppIcon;
				ASSETCATALOG_COMPILER_GLOBAL_ACCENT_COLOR_NAME = AccentColor;
				CODE_SIGN_STYLE = Automatic;
				CURRENT_PROJECT_VERSION = 1;
				GENERATE_INFOPLIST_FILE = YES;
				INFOPLIST_FILE = JokesHub/Info.plist;
				INFOPLIST_KEY_UIApplicationSupportsIndirectInputEvents = YES;
				INFOPLIST_KEY_UILaunchStoryboardName = LauncgScreen;
				INFOPLIST_KEY_UISupportedInterfaceOrientations_iPad = "UIInterfaceOrientationPortrait UIInterfaceOrientationPortraitUpsideDown UIInterfaceOrientationLandscapeLeft UIInterfaceOrientationLandscapeRight";
				INFOPLIST_KEY_UISupportedInterfaceOrientations_iPhone = "UIInterfaceOrientationPortrait UIInterfaceOrientationLandscapeLeft UIInterfaceOrientationLandscapeRight";
				IPHONEOS_DEPLOYMENT_TARGET = 13.0;
				LD_RUNPATH_SEARCH_PATHS = (
					"$(inherited)",
					"@executable_path/Frameworks",
				);
				MARKETING_VERSION = 1.0;
				PRODUCT_BUNDLE_IDENTIFIER = Com.shivam.JokesHub;
				PRODUCT_NAME = "$(TARGET_NAME)";
				SWIFT_EMIT_LOC_STRINGS = YES;
				SWIFT_VERSION = 5.0;
				TARGETED_DEVICE_FAMILY = "1,2";
			};
			name = Release;
		};
/* End XCBuildConfiguration section */

/* Begin XCConfigurationList section */
		40ADA9D22A9611A3009F6AD4 /* Build configuration list for PBXProject "JokesHub" */ = {
			isa = XCConfigurationList;
			buildConfigurations = (
				40ADA9E92A9611A4009F6AD4 /* Debug */,
				40ADA9EA2A9611A4009F6AD4 /* Release */,
			);
			defaultConfigurationIsVisible = 0;
			defaultConfigurationName = Release;
		};
		40ADA9EB2A9611A4009F6AD4 /* Build configuration list for PBXNativeTarget "JokesHub" */ = {
			isa = XCConfigurationList;
			buildConfigurations = (
				40ADA9EC2A9611A4009F6AD4 /* Debug */,
				40ADA9ED2A9611A4009F6AD4 /* Release */,
			);
			defaultConfigurationIsVisible = 0;
			defaultConfigurationName = Release;
		};
/* End XCConfigurationList section */

/* Begin XCRemoteSwiftPackageReference section */
		40ADA9FD2A962136009F6AD4 /* XCRemoteSwiftPackageReference "realm-swift" */ = {
			isa = XCRemoteSwiftPackageReference;
			repositoryURL = "https://github.com/realm/realm-swift.git";
			requirement = {
				branch = master;
				kind = branch;
			};
		};
/* End XCRemoteSwiftPackageReference section */

/* Begin XCSwiftPackageProductDependency section */
		40ADA9FE2A962136009F6AD4 /* RealmSwift */ = {
			isa = XCSwiftPackageProductDependency;
			package = 40ADA9FD2A962136009F6AD4 /* XCRemoteSwiftPackageReference "realm-swift" */;
			productName = RealmSwift;
		};
/* End XCSwiftPackageProductDependency section */
	};
	rootObject = 40ADA9CF2A9611A3009F6AD4 /* Project object */;
}
